
Microsoft Visual Studio Solution File, Format Version 12.00
# Visual Studio Version 17
VisualStudioVersion = 17.13.35617.110
MinimumVisualStudioVersion = 10.0.40219.1
Project("{2150E333-8FDC-42A3-9474-1A3956D46DE8}") = "Services", "Services", "{02EA681E-C7D8-13C7-8484-4AC65E1B71E8}"
EndProject
Project("{FAE04EC0-301F-11D3-BF4B-00C04F79EFBC}") = "Catalog.API", "Services\Catalog\Catalog.API\Catalog.API.csproj", "{B816C173-9191-44CC-960A-9431145E3E70}"
EndProject
Project("{2150E333-8FDC-42A3-9474-1A3956D46DE8}") = "BuildingBlocks", "BuildingBlocks", "{E66D0582-BD93-4279-9FB5-4B35D3DDDCBD}"
EndProject
Project("{FAE04EC0-301F-11D3-BF4B-00C04F79EFBC}") = "BuildingBlocks", "BuildingBlocks\BuildingBlocks\BuildingBlocks.csproj", "{E958B6AD-AC62-4A87-968A-B4F9E25E4241}"
EndProject
Project("{2150E333-8FDC-42A3-9474-1A3956D46DE8}") = "Catalog", "Catalog", "{E8D9D689-70CD-4754-BF1E-60D27E5B17D3}"
EndProject
Project("{E53339B2-1760-4266-BCC7-CA923CBCF16C}") = "docker-compose", "docker-compose.dcproj", "{81DDED9D-158B-E303-5F62-77A2896D2A5A}"
EndProject
Project("{2150E333-8FDC-42A3-9474-1A3956D46DE8}") = "Basket", "Basket", "{B8904289-BD14-4E6B-8D00-44AB418C078E}"
EndProject
Project("{FAE04EC0-301F-11D3-BF4B-00C04F79EFBC}") = "Basket.Api", "Services\Basket\Basket.Api\Basket.Api.csproj", "{543FC9EE-94E5-4C55-9859-CE07398F1E46}"
EndProject
Project("{2150E333-8FDC-42A3-9474-1A3956D46DE8}") = "Discount", "Discount", "{FC1FAF62-878D-49FC-96CB-EF3E5F8EB366}"
EndProject
Project("{FAE04EC0-301F-11D3-BF4B-00C04F79EFBC}") = "Discount.Grpc", "Services\Discount\Discount.Grpc\Discount.Grpc.csproj", "{7526565B-75D9-489F-93F9-FE626F4BC5D2}"
EndProject
Project("{2150E333-8FDC-42A3-9474-1A3956D46DE8}") = "Ordering", "Ordering", "{1F1D0BA9-56B1-4FA1-AE93-B77592300773}"
EndProject
Project("{FAE04EC0-301F-11D3-BF4B-00C04F79EFBC}") = "Ordering.API", "Services\Ordering\Ordering.API\Ordering.API.csproj", "{79250872-86A8-488E-8901-964946F0DFC4}"
EndProject
Project("{FAE04EC0-301F-11D3-BF4B-00C04F79EFBC}") = "Ordering.Domain", "Services\Ordering\Ordering.Domain\Ordering.Domain.csproj", "{D105401D-C8A2-42D9-B4EF-5843584C7343}"
EndProject
Project("{FAE04EC0-301F-11D3-BF4B-00C04F79EFBC}") = "Ordering.Application", "Services\Ordering\Ordering.Application\Ordering.Application.csproj", "{A7780905-EB4E-4AC9-8B64-81A35B31D5E6}"
EndProject
Project("{FAE04EC0-301F-11D3-BF4B-00C04F79EFBC}") = "Ordering.Infrastructure", "Services\Ordering\Ordering.Infrastructure\Ordering.Infrastructure.csproj", "{149C6B39-0292-4489-9E36-9B5CF7DAD071}"
EndProject
Global
	GlobalSection(SolutionConfigurationPlatforms) = preSolution
		Debug|Any CPU = Debug|Any CPU
		Release|Any CPU = Release|Any CPU
	EndGlobalSection
	GlobalSection(ProjectConfigurationPlatforms) = postSolution
		{B816C173-9191-44CC-960A-9431145E3E70}.Debug|Any CPU.ActiveCfg = Debug|Any CPU
		{B816C173-9191-44CC-960A-9431145E3E70}.Debug|Any CPU.Build.0 = Debug|Any CPU
		{B816C173-9191-44CC-960A-9431145E3E70}.Release|Any CPU.ActiveCfg = Release|Any CPU
		{B816C173-9191-44CC-960A-9431145E3E70}.Release|Any CPU.Build.0 = Release|Any CPU
		{E958B6AD-AC62-4A87-968A-B4F9E25E4241}.Debug|Any CPU.ActiveCfg = Debug|Any CPU
		{E958B6AD-AC62-4A87-968A-B4F9E25E4241}.Debug|Any CPU.Build.0 = Debug|Any CPU
		{E958B6AD-AC62-4A87-968A-B4F9E25E4241}.Release|Any CPU.ActiveCfg = Release|Any CPU
		{E958B6AD-AC62-4A87-968A-B4F9E25E4241}.Release|Any CPU.Build.0 = Release|Any CPU
		{81DDED9D-158B-E303-5F62-77A2896D2A5A}.Debug|Any CPU.ActiveCfg = Debug|Any CPU
		{81DDED9D-158B-E303-5F62-77A2896D2A5A}.Debug|Any CPU.Build.0 = Debug|Any CPU
		{81DDED9D-158B-E303-5F62-77A2896D2A5A}.Release|Any CPU.ActiveCfg = Release|Any CPU
		{81DDED9D-158B-E303-5F62-77A2896D2A5A}.Release|Any CPU.Build.0 = Release|Any CPU
		{543FC9EE-94E5-4C55-9859-CE07398F1E46}.Debug|Any CPU.ActiveCfg = Debug|Any CPU
		{543FC9EE-94E5-4C55-9859-CE07398F1E46}.Debug|Any CPU.Build.0 = Debug|Any CPU
		{543FC9EE-94E5-4C55-9859-CE07398F1E46}.Release|Any CPU.ActiveCfg = Release|Any CPU
		{543FC9EE-94E5-4C55-9859-CE07398F1E46}.Release|Any CPU.Build.0 = Release|Any CPU
		{7526565B-75D9-489F-93F9-FE626F4BC5D2}.Debug|Any CPU.ActiveCfg = Debug|Any CPU
		{7526565B-75D9-489F-93F9-FE626F4BC5D2}.Debug|Any CPU.Build.0 = Debug|Any CPU
		{7526565B-75D9-489F-93F9-FE626F4BC5D2}.Release|Any CPU.ActiveCfg = Release|Any CPU
		{7526565B-75D9-489F-93F9-FE626F4BC5D2}.Release|Any CPU.Build.0 = Release|Any CPU
		{79250872-86A8-488E-8901-964946F0DFC4}.Debug|Any CPU.ActiveCfg = Debug|Any CPU
		{79250872-86A8-488E-8901-964946F0DFC4}.Debug|Any CPU.Build.0 = Debug|Any CPU
		{79250872-86A8-488E-8901-964946F0DFC4}.Release|Any CPU.ActiveCfg = Release|Any CPU
		{79250872-86A8-488E-8901-964946F0DFC4}.Release|Any CPU.Build.0 = Release|Any CPU
		{D105401D-C8A2-42D9-B4EF-5843584C7343}.Debug|Any CPU.ActiveCfg = Debug|Any CPU
		{D105401D-C8A2-42D9-B4EF-5843584C7343}.Debug|Any CPU.Build.0 = Debug|Any CPU
		{D105401D-C8A2-42D9-B4EF-5843584C7343}.Release|Any CPU.ActiveCfg = Release|Any CPU
		{D105401D-C8A2-42D9-B4EF-5843584C7343}.Release|Any CPU.Build.0 = Release|Any CPU
		{A7780905-EB4E-4AC9-8B64-81A35B31D5E6}.Debug|Any CPU.ActiveCfg = Debug|Any CPU
		{A7780905-EB4E-4AC9-8B64-81A35B31D5E6}.Debug|Any CPU.Build.0 = Debug|Any CPU
		{A7780905-EB4E-4AC9-8B64-81A35B31D5E6}.Release|Any CPU.ActiveCfg = Release|Any CPU
		{A7780905-EB4E-4AC9-8B64-81A35B31D5E6}.Release|Any CPU.Build.0 = Release|Any CPU
		{149C6B39-0292-4489-9E36-9B5CF7DAD071}.Debug|Any CPU.ActiveCfg = Debug|Any CPU
		{149C6B39-0292-4489-9E36-9B5CF7DAD071}.Debug|Any CPU.Build.0 = Debug|Any CPU
		{149C6B39-0292-4489-9E36-9B5CF7DAD071}.Release|Any CPU.ActiveCfg = Release|Any CPU
		{149C6B39-0292-4489-9E36-9B5CF7DAD071}.Release|Any CPU.Build.0 = Release|Any CPU
	EndGlobalSection
	GlobalSection(SolutionProperties) = preSolution
		HideSolutionNode = FALSE
	EndGlobalSection
	GlobalSection(NestedProjects) = preSolution
		{B816C173-9191-44CC-960A-9431145E3E70} = {E8D9D689-70CD-4754-BF1E-60D27E5B17D3}
		{E958B6AD-AC62-4A87-968A-B4F9E25E4241} = {E66D0582-BD93-4279-9FB5-4B35D3DDDCBD}
		{E8D9D689-70CD-4754-BF1E-60D27E5B17D3} = {02EA681E-C7D8-13C7-8484-4AC65E1B71E8}
		{B8904289-BD14-4E6B-8D00-44AB418C078E} = {02EA681E-C7D8-13C7-8484-4AC65E1B71E8}
		{543FC9EE-94E5-4C55-9859-CE07398F1E46} = {B8904289-BD14-4E6B-8D00-44AB418C078E}
		{FC1FAF62-878D-49FC-96CB-EF3E5F8EB366} = {02EA681E-C7D8-13C7-8484-4AC65E1B71E8}
		{7526565B-75D9-489F-93F9-FE626F4BC5D2} = {FC1FAF62-878D-49FC-96CB-EF3E5F8EB366}
		{1F1D0BA9-56B1-4FA1-AE93-B77592300773} = {02EA681E-C7D8-13C7-8484-4AC65E1B71E8}
		{79250872-86A8-488E-8901-964946F0DFC4} = {1F1D0BA9-56B1-4FA1-AE93-B77592300773}
		{D105401D-C8A2-42D9-B4EF-5843584C7343} = {1F1D0BA9-56B1-4FA1-AE93-B77592300773}
		{A7780905-EB4E-4AC9-8B64-81A35B31D5E6} = {1F1D0BA9-56B1-4FA1-AE93-B77592300773}
		{149C6B39-0292-4489-9E36-9B5CF7DAD071} = {1F1D0BA9-56B1-4FA1-AE93-B77592300773}
	EndGlobalSection
	GlobalSection(ExtensibilityGlobals) = postSolution
		SolutionGuid = {A67A49DD-1AC8-4E84-B4ED-2ED5B9D9CC14}
	EndGlobalSection
EndGlobal
